
Microsoft Visual Studio Solution File, Format Version 12.00
# Visual Studio Version 16
VisualStudioVersion = 16.0.30204.135
MinimumVisualStudioVersion = 10.0.40219.1
Project("{FAE04EC0-301F-11D3-BF4B-00C04F79EFBC}") = "MVC6 Git Testing", "MVC6 Git Testing\MVC6 Git Testing.csproj", "{7069BC00-A054-4BBD-A8B9-8F361C2FF7B4}"
EndProject
Global
	GlobalSection(SolutionConfigurationPlatforms) = preSolution
		Debug|Any CPU = Debug|Any CPU
		Release|Any CPU = Release|Any CPU
	EndGlobalSection
	GlobalSection(ProjectConfigurationPlatforms) = postSolution
		{7069BC00-A054-4BBD-A8B9-8F361C2FF7B4}.Debug|Any CPU.ActiveCfg = Debug|Any CPU
		{7069BC00-A054-4BBD-A8B9-8F361C2FF7B4}.Debug|Any CPU.Build.0 = Debug|Any CPU
		{7069BC00-A054-4BBD-A8B9-8F361C2FF7B4}.Release|Any CPU.ActiveCfg = Release|Any CPU
		{7069BC00-A054-4BBD-A8B9-8F361C2FF7B4}.Release|Any CPU.Build.0 = Release|Any CPU
	EndGlobalSection
	GlobalSection(SolutionProperties) = preSolution
		HideSolutionNode = FALSE
	EndGlobalSection
	GlobalSection(ExtensibilityGlobals) = postSolution
		SolutionGuid = {0D2C43A5-48C7-48CF-8492-7769A0B92AD7}
	EndGlobalSection
EndGlobal
